PODS:
  - TensorFlowLiteC (0.0.1-nightly.20210403):
    - TensorFlowLiteC/Core (= 0.0.1-nightly.20210403)
  - TensorFlowLiteC/Core (0.0.1-nightly.20210403)
  - TensorFlowLiteC/CoreML (0.0.1-nightly.20210403):
    - TensorFlowLiteC/Core
  - TensorFlowLiteC/Metal (0.0.1-nightly.20210403):
    - TensorFlowLiteC/Core
  - TensorFlowLiteSwift/Core (0.0.1-nightly.20210403):
    - TensorFlowLiteC (= 0.0.1-nightly.20210403)
  - TensorFlowLiteSwift/CoreML (0.0.1-nightly.20210403):
    - TensorFlowLiteC/CoreML (= 0.0.1-nightly.20210403)
    - TensorFlowLiteSwift/Core (= 0.0.1-nightly.20210403)
  - TensorFlowLiteSwift/Metal (0.0.1-nightly.20210403):
    - TensorFlowLiteC/Metal (= 0.0.1-nightly.20210403)
    - TensorFlowLiteSwift/Core (= 0.0.1-nightly.20210403)

DEPENDENCIES:
  - TensorFlowLiteSwift/CoreML (~> 0.0.1-nightly)
  - TensorFlowLiteSwift/Metal (~> 0.0.1-nightly)

SPEC REPOS:
  trunk:
    - TensorFlowLiteC
    - TensorFlowLiteSwift

SPEC CHECKSUMS:
  TensorFlowLiteC: 693c251124d3a4f8d124266cb4ae1bafaa510fa0
  TensorFlowLiteSwift: f07d68de1d4d7bee44ca000b3286f8d14441ed9a

PODFILE CHECKSUM: bebe080a2c0b2db621283859b72ddb35c09ff1cc

COCOAPODS: 1.10.1
